
Microsoft Visual Studio Solution File, Format Version 12.00
# Visual Studio Version 17
VisualStudioVersion = 17.6.33723.286
MinimumVisualStudioVersion = 10.0.40219.1
Project("{FAE04EC0-301F-11D3-BF4B-00C04F79EFBC}") = "RailwayTask", "RailwayTask.csproj", "{E3E60414-C094-417C-9916-004D7703AD57}"
EndProject
Project("{FAE04EC0-301F-11D3-BF4B-00C04F79EFBC}") = "RouteLibrary", "..\RouteLibrary\RouteLibrary.csproj", "{C1B9694B-2168-470A-9D63-8893534F7E89}"
EndProject
Global
	GlobalSection(SolutionConfigurationPlatforms) = preSolution
		Debug|Any CPU = Debug|Any CPU
		Release|Any CPU = Release|Any CPU
	EndGlobalSection
	GlobalSection(ProjectConfigurationPlatforms) = postSolution
		{E3E60414-C094-417C-9916-004D7703AD57}.Debug|Any CPU.ActiveCfg = Debug|Any CPU
		{E3E60414-C094-417C-9916-004D7703AD57}.Debug|Any CPU.Build.0 = Debug|Any CPU
		{E3E60414-C094-417C-9916-004D7703AD57}.Release|Any CPU.ActiveCfg = Release|Any CPU
		{E3E60414-C094-417C-9916-004D7703AD57}.Release|Any CPU.Build.0 = Release|Any CPU
		{C1B9694B-2168-470A-9D63-8893534F7E89}.Debug|Any CPU.ActiveCfg = Debug|Any CPU
		{C1B9694B-2168-470A-9D63-8893534F7E89}.Debug|Any CPU.Build.0 = Debug|Any CPU
		{C1B9694B-2168-470A-9D63-8893534F7E89}.Release|Any CPU.ActiveCfg = Release|Any CPU
		{C1B9694B-2168-470A-9D63-8893534F7E89}.Release|Any CPU.Build.0 = Release|Any CPU
	EndGlobalSection
	GlobalSection(SolutionProperties) = preSolution
		HideSolutionNode = FALSE
	EndGlobalSection
	GlobalSection(ExtensibilityGlobals) = postSolution
		SolutionGuid = {7010B029-2087-4972-8318-7EE1B2194D79}
	EndGlobalSection
EndGlobal
